
Microsoft Visual Studio Solution File, Format Version 12.00
# Visual Studio Version 16
VisualStudioVersion = 16.0.31911.196
MinimumVisualStudioVersion = 10.0.40219.1
Project("{FAE04EC0-301F-11D3-BF4B-00C04F79EFBC}") = "SignalR", "SignalR\SignalR.csproj", "{2B92BB07-3D2D-4C96-9622-5548B4703042}"
EndProject
Global
	GlobalSection(SolutionConfigurationPlatforms) = preSolution
		Debug|Any CPU = Debug|Any CPU
		Release|Any CPU = Release|Any CPU
	EndGlobalSection
	GlobalSection(ProjectConfigurationPlatforms) = postSolution
		{2B92BB07-3D2D-4C96-9622-5548B4703042}.Debug|Any CPU.ActiveCfg = Debug|Any CPU
		{2B92BB07-3D2D-4C96-9622-5548B4703042}.Debug|Any CPU.Build.0 = Debug|Any CPU
		{2B92BB07-3D2D-4C96-9622-5548B4703042}.Release|Any CPU.ActiveCfg = Release|Any CPU
		{2B92BB07-3D2D-4C96-9622-5548B4703042}.Release|Any CPU.Build.0 = Release|Any CPU
	EndGlobalSection
	GlobalSection(SolutionProperties) = preSolution
		HideSolutionNode = FALSE
	EndGlobalSection
	GlobalSection(ExtensibilityGlobals) = postSolution
		SolutionGuid = {0C815565-78F6-4E0C-BD8E-57DB8C6E1DC8}
	EndGlobalSection
EndGlobal
